
Microsoft Visual Studio Solution File, Format Version 12.00
# Visual Studio 15
VisualStudioVersion = 15.0.27428.2037
MinimumVisualStudioVersion = 10.0.40219.1
Project("{FAE04EC0-301F-11D3-BF4B-00C04F79EFBC}") = "AppLezione1509", "AppLezione1509\AppLezione1509.csproj", "{914BBE62-E7AD-444A-A9B7-FA4023126B02}"
EndProject
Global
	GlobalSection(SolutionConfigurationPlatforms) = preSolution
		Debug|Any CPU = Debug|Any CPU
		Release|Any CPU = Release|Any CPU
	EndGlobalSection
	GlobalSection(ProjectConfigurationPlatforms) = postSolution
		{914BBE62-E7AD-444A-A9B7-FA4023126B02}.Debug|Any CPU.ActiveCfg = Debug|Any CPU
		{914BBE62-E7AD-444A-A9B7-FA4023126B02}.Debug|Any CPU.Build.0 = Debug|Any CPU
		{914BBE62-E7AD-444A-A9B7-FA4023126B02}.Release|Any CPU.ActiveCfg = Release|Any CPU
		{914BBE62-E7AD-444A-A9B7-FA4023126B02}.Release|Any CPU.Build.0 = Release|Any CPU
	EndGlobalSection
	GlobalSection(SolutionProperties) = preSolution
		HideSolutionNode = FALSE
	EndGlobalSection
	GlobalSection(ExtensibilityGlobals) = postSolution
		SolutionGuid = {573CE9F0-6A27-4636-9182-96CF05F278C3}
	EndGlobalSection
EndGlobal
